
Microsoft Visual Studio Solution File, Format Version 12.00
# Visual Studio Version 16
VisualStudioVersion = 16.0.31129.286
MinimumVisualStudioVersion = 10.0.40219.1
Project("{FAE04EC0-301F-11D3-BF4B-00C04F79EFBC}") = "MauroFrancisTryout", "MauroFrancisTryout\MauroFrancisTryout.csproj", "{7BACD1CC-390B-4715-B77B-74C01813FB6A}"
EndProject
Global
	GlobalSection(SolutionConfigurationPlatforms) = preSolution
		Debug|Any CPU = Debug|Any CPU
		Release|Any CPU = Release|Any CPU
	EndGlobalSection
	GlobalSection(ProjectConfigurationPlatforms) = postSolution
		{7BACD1CC-390B-4715-B77B-74C01813FB6A}.Debug|Any CPU.ActiveCfg = Debug|Any CPU
		{7BACD1CC-390B-4715-B77B-74C01813FB6A}.Debug|Any CPU.Build.0 = Debug|Any CPU
		{7BACD1CC-390B-4715-B77B-74C01813FB6A}.Release|Any CPU.ActiveCfg = Release|Any CPU
		{7BACD1CC-390B-4715-B77B-74C01813FB6A}.Release|Any CPU.Build.0 = Release|Any CPU
	EndGlobalSection
	GlobalSection(SolutionProperties) = preSolution
		HideSolutionNode = FALSE
	EndGlobalSection
	GlobalSection(ExtensibilityGlobals) = postSolution
		SolutionGuid = {310ABC19-614E-4066-A2CF-5F78C8190BA6}
	EndGlobalSection
EndGlobal
